// !$*UTF8*$!
{
	archiveVersion = 1;
	classes = {
	};
	objectVersion = 77;
	objects = {

/* Begin PBXBuildFile section */
		8E9598502FE8F07C00DA7246 /* timer.caf in Resources */ = {isa = PBXBuildFile; fileRef = 8E95984F2FE8F07C00DA7246 /* timer.caf */; };
/* End PBXBuildFile section */

/* Begin PBXContainerItemProxy section */
		8E7A97342FCCDE2E00BE4778 /* PBXContainerItemProxy */ = {
			isa = PBXContainerItemProxy;
			containerPortal = 8EF984B92D40B879003082E6 /* Project object */;
			proxyType = 1;
			remoteGlobalIDString = 8EF984C02D40B879003082E6;
			remoteInfo = Lumberjacked;
		};
		8E7A975F2FCCF04000BE4778 /* PBXContainerItemProxy */ = {
			isa = PBXContainerItemProxy;
			containerPortal = 8EF984B92D40B879003082E6 /* Project object */;
			proxyType = 1;
			remoteGlobalIDString = 8EF984C02D40B879003082E6;
			remoteInfo = Lumberjacked;
		};
/* End PBXContainerItemProxy section */

/* Begin PBXFileReference section */
		8E7A97302FCCDE2E00BE4778 /* LumberjackedTests.xctest */ = {isa = PBXFileReference; explicitFileType = wrapper.cfbundle; includeInIndex = 0; path = LumberjackedTests.xctest; sourceTree = BUILT_PRODUCTS_DIR; };
		8E7A97592FCCF04000BE4778 /* LumberjackedUITests.xctest */ = {isa = PBXFileReference; explicitFileType = wrapper.cfbundle; includeInIndex = 0; path = LumberjackedUITests.xctest; sourceTree = BUILT_PRODUCTS_DIR; };
		8E95984F2FE8F07C00DA7246 /* timer.caf */ = {isa = PBXFileReference; lastKnownFileType = file; path = timer.caf; sourceTree = "<group>"; };
		8EF984C12D40B879003082E6 /* Lumberjacked.app */ = {isa = PBXFileReference; explicitFileType = wrapper.application; includeInIndex = 0; path = Lumberjacked.app; sourceTree = BUILT_PRODUCTS_DIR; };
/* End PBXFileReference section */

/* Begin PBXFileSystemSynchronizedRootGroup section */
		8E7A97312FCCDE2E00BE4778 /* LumberjackedTests */ = {
			isa = PBXFileSystemSynchronizedRootGroup;
			path = LumberjackedTests;
			sourceTree = "<group>";
		};
		8E7A975A2FCCF04000BE4778 /* LumberjackedUITests */ = {
			isa = PBXFileSystemSynchronizedRootGroup;
			path = LumberjackedUITests;
			sourceTree = "<group>";
		};
		8EF984C32D40B879003082E6 /* Lumberjacked */ = {
			isa = PBXFileSystemSynchronizedRootGroup;
			path = Lumberjacked;
			sourceTree = "<group>";
		};
/* End PBXFileSystemSynchronizedRootGroup section */

/* Begin PBXFrameworksBuildPhase section */
		8E7A972D2FCCDE2E00BE4778 /* Frameworks */ = {
			isa = PBXFrameworksBuildPhase;
			buildActionMask = 2147483647;
			files = (
			);
			runOnlyForDeploymentPostprocessing = 0;
		};
		8E7A97562FCCF04000BE4778 /* Frameworks */ = {
			isa = PBXFrameworksBuildPhase;
			buildActionMask = 2147483647;
			files = (
			);
			runOnlyForDeploymentPostprocessing = 0;
		};
		8EF984BE2D40B879003082E6 /* Frameworks */ = {
			isa = PBXFrameworksBuildPhase;
			buildActionMask = 2147483647;
			files = (
			);
			runOnlyForDeploymentPostprocessing = 0;
		};
/* End PBXFrameworksBuildPhase section */

/* Begin PBXGroup section */
		8EF984B82D40B879003082E6 = {
			isa = PBXGroup;
			children = (
				8EF984C32D40B879003082E6 /* Lumberjacked */,
				8E7A97312FCCDE2E00BE4778 /* LumberjackedTests */,
				8E7A975A2FCCF04000BE4778 /* LumberjackedUITests */,
				8EF984C22D40B879003082E6 /* Products */,
				8E95984F2FE8F07C00DA7246 /* timer.caf */,
			);
			sourceTree = "<group>";
		};
		8EF984C22D40B879003082E6 /* Products */ = {
			isa = PBXGroup;
			children = (
				8EF984C12D40B879003082E6 /* Lumberjacked.app */,
				8E7A97302FCCDE2E00BE4778 /* LumberjackedTests.xctest */,
				8E7A97592FCCF04000BE4778 /* LumberjackedUITests.xctest */,
			);
			name = Products;
			sourceTree = "<group>";
		};
/* End PBXGroup section */

/* Begin PBXNativeTarget section */
		8E7A972F2FCCDE2E00BE4778 /* LumberjackedTests */ = {
			isa = PBXNativeTarget;
			buildConfigurationList = 8E7A97382FCCDE2E00BE4778 /* Build configuration list for PBXNativeTarget "LumberjackedTests" */;
			buildPhases = (
				8E7A972C2FCCDE2E00BE4778 /* Sources */,
				8E7A972D2FCCDE2E00BE4778 /* Frameworks */,
				8E7A972E2FCCDE2E00BE4778 /* Resources */,
			);
			buildRules = (
			);
			dependencies = (
				8E7A97352FCCDE2E00BE4778 /* PBXTargetDependency */,
			);
			fileSystemSynchronizedGroups = (
				8E7A97312FCCDE2E00BE4778 /* LumberjackedTests */,
			);
			name = LumberjackedTests;
			packageProductDependencies = (
			);
			productName = LumberjackedTests;
			productReference = 8E7A97302FCCDE2E00BE4778 /* LumberjackedTests.xctest */;
			productType = "com.apple.product-type.bundle.unit-test";
		};
		8E7A97582FCCF04000BE4778 /* LumberjackedUITests */ = {
			isa = PBXNativeTarget;
			buildConfigurationList = 8E7A97612FCCF04000BE4778 /* Build configuration list for PBXNativeTarget "LumberjackedUITests" */;
			buildPhases = (
				8E7A97552FCCF04000BE4778 /* Sources */,
				8E7A97562FCCF04000BE4778 /* Frameworks */,
				8E7A97572FCCF04000BE4778 /* Resources */,
			);
			buildRules = (
			);
			dependencies = (
				8E7A97602FCCF04000BE4778 /* PBXTargetDependency */,
			);
			fileSystemSynchronizedGroups = (
				8E7A975A2FCCF04000BE4778 /* LumberjackedUITests */,
			);
			name = LumberjackedUITests;
			packageProductDependencies = (
			);
			productName = LumberjackedUITests;
			productReference = 8E7A97592FCCF04000BE4778 /* LumberjackedUITests.xctest */;
			productType = "com.apple.product-type.bundle.ui-testing";
		};
		8EF984C02D40B879003082E6 /* Lumberjacked */ = {
			isa = PBXNativeTarget;
			buildConfigurationList = 8EF984CF2D40B87B003082E6 /* Build configuration list for PBXNativeTarget "Lumberjacked" */;
			buildPhases = (
				8EF984BD2D40B879003082E6 /* Sources */,
				8EF984BE2D40B879003082E6 /* Frameworks */,
				8EF984BF2D40B879003082E6 /* Resources */,
			);
			buildRules = (
			);
			dependencies = (
			);
			fileSystemSynchronizedGroups = (
				8EF984C32D40B879003082E6 /* Lumberjacked */,
			);
			name = Lumberjacked;
			packageProductDependencies = (
			);
			productName = Lumberjacked;
			productReference = 8EF984C12D40B879003082E6 /* Lumberjacked.app */;
			productType = "com.apple.product-type.application";
		};
/* End PBXNativeTarget section */

/* Begin PBXProject section */
		8EF984B92D40B879003082E6 /* Project object */ = {
			isa = PBXProject;
			attributes = {
				BuildIndependentTargetsInParallel = 1;
				LastSwiftUpdateCheck = 2630;
				LastUpgradeCheck = 1640;
				TargetAttributes = {
					8E7A972F2FCCDE2E00BE4778 = {
						CreatedOnToolsVersion = 26.3;
						TestTargetID = 8EF984C02D40B879003082E6;
					};
					8E7A97582FCCF04000BE4778 = {
						CreatedOnToolsVersion = 26.3;
						TestTargetID = 8EF984C02D40B879003082E6;
					};
					8EF984C02D40B879003082E6 = {
						CreatedOnToolsVersion = 16.1;
					};
				};
			};
			buildConfigurationList = 8EF984BC2D40B879003082E6 /* Build configuration list for PBXProject "Lumberjacked" */;
			developmentRegion = en;
			hasScannedForEncodings = 0;
			knownRegions = (
				en,
				Base,
			);
			mainGroup = 8EF984B82D40B879003082E6;
			minimizedProjectReferenceProxies = 1;
			preferredProjectObjectVersion = 77;
			productRefGroup = 8EF984C22D40B879003082E6 /* Products */;
			projectDirPath = "";
			projectRoot = "";
			targets = (
				8EF984C02D40B879003082E6 /* Lumberjacked */,
				8E7A972F2FCCDE2E00BE4778 /* LumberjackedTests */,
				8E7A97582FCCF04000BE4778 /* LumberjackedUITests */,
			);
		};
/* End PBXProject section */

/* Begin PBXResourcesBuildPhase section */
		8E7A972E2FCCDE2E00BE4778 /* Resources */ = {
			isa = PBXResourcesBuildPhase;
			buildActionMask = 2147483647;
			files = (
			);
			runOnlyForDeploymentPostprocessing = 0;
		};
		8E7A97572FCCF04000BE4778 /* Resources */ = {
			isa = PBXResourcesBuildPhase;
			buildActionMask = 2147483647;
			files = (
			);
			runOnlyForDeploymentPostprocessing = 0;
		};
		8EF984BF2D40B879003082E6 /* Resources */ = {
			isa = PBXResourcesBuildPhase;
			buildActionMask = 2147483647;
			files = (
				8E9598502FE8F07C00DA7246 /* timer.caf in Resources */,
			);
			runOnlyForDeploymentPostprocessing = 0;
		};
/* End PBXResourcesBuildPhase section */

/* Begin PBXSourcesBuildPhase section */
		8E7A972C2FCCDE2E00BE4778 /* Sources */ = {
			isa = PBXSourcesBuildPhase;
			buildActionMask = 2147483647;
			files = (
			);
			runOnlyForDeploymentPostprocessing = 0;
		};
		8E7A97552FCCF04000BE4778 /* Sources */ = {
			isa = PBXSourcesBuildPhase;
			buildActionMask = 2147483647;
			files = (
			);
			runOnlyForDeploymentPostprocessing = 0;
		};
		8EF984BD2D40B879003082E6 /* Sources */ = {
			isa = PBXSourcesBuildPhase;
			buildActionMask = 2147483647;
			files = (
			);
			runOnlyForDeploymentPostprocessing = 0;
		};
/* End PBXSourcesBuildPhase section */

/* Begin PBXTargetDependency section */
		8E7A97352FCCDE2E00BE4778 /* PBXTargetDependency */ = {
			isa = PBXTargetDependency;
			target = 8EF984C02D40B879003082E6 /* Lumberjacked */;
			targetProxy = 8E7A97342FCCDE2E00BE4778 /* PBXContainerItemProxy */;
		};
		8E7A97602FCCF04000BE4778 /* PBXTargetDependency */ = {
			isa = PBXTargetDependency;
			target = 8EF984C02D40B879003082E6 /* Lumberjacked */;
			targetProxy = 8E7A975F2FCCF04000BE4778 /* PBXContainerItemProxy */;
		};
/* End PBXTargetDependency section */

/* Begin XCBuildConfiguration section */
		8E7A97362FCCDE2E00BE4778 /* Debug */ = {
			isa = XCBuildConfiguration;
			buildSettings = {
				BUNDLE_LOADER = "$(TEST_HOST)";
				CODE_SIGN_STYLE = Automatic;
				CURRENT_PROJECT_VERSION = 1;
				DEVELOPMENT_TEAM = GK8ZBK5FD2;
				GENERATE_INFOPLIST_FILE = YES;
				IPHONEOS_DEPLOYMENT_TARGET = 26.2;
				MARKETING_VERSION = 1.0;
				PRODUCT_BUNDLE_IDENTIFIER = com.FarbodRafezy.LumberjackedTests;
				PRODUCT_NAME = "$(TARGET_NAME)";
				STRING_CATALOG_GENERATE_SYMBOLS = NO;
				SWIFT_APPROACHABLE_CONCURRENCY = YES;
				SWIFT_EMIT_LOC_STRINGS = NO;
				SWIFT_UPCOMING_FEATURE_MEMBER_IMPORT_VISIBILITY = YES;
				SWIFT_VERSION = 5.0;
				TARGETED_DEVICE_FAMILY = "1,2";
				TEST_HOST = "$(BUILT_PRODUCTS_DIR)/Lumberjacked.app/$(BUNDLE_EXECUTABLE_FOLDER_PATH)/Lumberjacked";
			};
			name = Debug;
		};
		8E7A97372FCCDE2E00BE4778 /* Release */ = {
			isa = XCBuildConfiguration;
			buildSettings = {
				BUNDLE_LOADER = "$(TEST_HOST)";
				CODE_SIGN_STYLE = Automatic;
				CURRENT_PROJECT_VERSION = 1;
				DEVELOPMENT_TEAM = GK8ZBK5FD2;
				GENERATE_INFOPLIST_FILE = YES;
				IPHONEOS_DEPLOYMENT_TARGET = 26.2;
				MARKETING_VERSION = 1.0;
				PRODUCT_BUNDLE_IDENTIFIER = com.FarbodRafezy.LumberjackedTests;
				PRODUCT_NAME = "$(TARGET_NAME)";
				STRING_CATALOG_GENERATE_SYMBOLS = NO;
				SWIFT_APPROACHABLE_CONCURRENCY = YES;
				SWIFT_EMIT_LOC_STRINGS = NO;
				SWIFT_UPCOMING_FEATURE_MEMBER_IMPORT_VISIBILITY = YES;
				SWIFT_VERSION = 5.0;
				TARGETED_DEVICE_FAMILY = "1,2";
				TEST_HOST = "$(BUILT_PRODUCTS_DIR)/Lumberjacked.app/$(BUNDLE_EXECUTABLE_FOLDER_PATH)/Lumberjacked";
			};
			name = Release;
		};
		8E7A97622FCCF04000BE4778 /* Debug */ = {
			isa = XCBuildConfiguration;
			buildSettings = {
				CODE_SIGN_STYLE = Automatic;
				CURRENT_PROJECT_VERSION = 1;
				DEVELOPMENT_TEAM = GK8ZBK5FD2;
				GENERATE_INFOPLIST_FILE = YES;
				IPHONEOS_DEPLOYMENT_TARGET = 18.1;
				MARKETING_VERSION = 1.0;
				PRODUCT_BUNDLE_IDENTIFIER = com.FarbodRafezy.LumberjackedUITests;
				PRODUCT_NAME = "$(TARGET_NAME)";
				STRING_CATALOG_GENERATE_SYMBOLS = NO;
				SWIFT_APPROACHABLE_CONCURRENCY = YES;
				SWIFT_EMIT_LOC_STRINGS = NO;
				SWIFT_UPCOMING_FEATURE_MEMBER_IMPORT_VISIBILITY = YES;
				SWIFT_VERSION = 5.0;
				TARGETED_DEVICE_FAMILY = "1,2";
				TEST_TARGET_NAME = Lumberjacked;
			};
			name = Debug;
		};
		8E7A97632FCCF04000BE4778 /* Release */ = {
			isa = XCBuildConfiguration;
			buildSettings = {
				CODE_SIGN_STYLE = Automatic;
				CURRENT_PROJECT_VERSION = 1;
				DEVELOPMENT_TEAM = GK8ZBK5FD2;
				GENERATE_INFOPLIST_FILE = YES;
				IPHONEOS_DEPLOYMENT_TARGET = 18.1;
				MARKETING_VERSION = 1.0;
				PRODUCT_BUNDLE_IDENTIFIER = com.FarbodRafezy.LumberjackedUITests;
				PRODUCT_NAME = "$(TARGET_NAME)";
				STRING_CATALOG_GENERATE_SYMBOLS = NO;
				SWIFT_APPROACHABLE_CONCURRENCY = YES;
				SWIFT_EMIT_LOC_STRINGS = NO;
				SWIFT_UPCOMING_FEATURE_MEMBER_IMPORT_VISIBILITY = YES;
				SWIFT_VERSION = 5.0;
				TARGETED_DEVICE_FAMILY = "1,2";
				TEST_TARGET_NAME = Lumberjacked;
			};
			name = Release;
		};
		8EF984CD2D40B87B003082E6 /* Debug */ = {
			isa = XCBuildConfiguration;
			buildSettings = {
				ALWAYS_SEARCH_USER_PATHS = NO;
				ASSETCATALOG_COMPILER_GENERATE_SWIFT_ASSET_SYMBOL_EXTENSIONS = YES;
				CLANG_ANALYZER_NONNULL = YES;
				CLANG_ANALYZER_NUMBER_OBJECT_CONVERSION = YES_AGGRESSIVE;
				CLANG_CXX_LANGUAGE_STANDARD = "gnu++20";
				CLANG_ENABLE_MODULES = YES;
				CLANG_ENABLE_OBJC_ARC = YES;
				CLANG_ENABLE_OBJC_WEAK = YES;
				CLANG_WARN_BLOCK_CAPTURE_AUTORELEASING = YES;
				CLANG_WARN_BOOL_CONVERSION = YES;
				CLANG_WARN_COMMA = YES;
				CLANG_WARN_CONSTANT_CONVERSION = YES;
				CLANG_WARN_DEPRECATED_OBJC_IMPLEMENTATIONS = YES;
				CLANG_WARN_DIRECT_OBJC_ISA_USAGE = YES_ERROR;
				CLANG_WARN_DOCUMENTATION_COMMENTS = YES;
				CLANG_WARN_EMPTY_BODY = YES;
				CLANG_WARN_ENUM_CONVERSION = YES;
				CLANG_WARN_INFINITE_RECURSION = YES;
				CLANG_WARN_INT_CONVERSION = YES;
				CLANG_WARN_NON_LITERAL_NULL_CONVERSION = YES;
				CLANG_WARN_OBJC_IMPLICIT_RETAIN_SELF = YES;
				CLANG_WARN_OBJC_LITERAL_CONVERSION = YES;
				CLANG_WARN_OBJC_ROOT_CLASS = YES_ERROR;
				CLANG_WARN_QUOTED_INCLUDE_IN_FRAMEWORK_HEADER = YES;
				CLANG_WARN_RANGE_LOOP_ANALYSIS = YES;
				CLANG_WARN_STRICT_PROTOTYPES = YES;
				CLANG_WARN_SUSPICIOUS_MOVE = YES;
				CLANG_WARN_UNGUARDED_AVAILABILITY = YES_AGGRESSIVE;
				CLANG_WARN_UNREACHABLE_CODE = YES;
				CLANG_WARN__DUPLICATE_METHOD_MATCH = YES;
				COPY_PHASE_STRIP = NO;
				DEBUG_INFORMATION_FORMAT = dwarf;
				DEVELOPMENT_TEAM = GK8ZBK5FD2;
				ENABLE_STRICT_OBJC_MSGSEND = YES;
				ENABLE_TESTABILITY = YES;
				ENABLE_USER_SCRIPT_SANDBOXING = YES;
				GCC_C_LANGUAGE_STANDARD = gnu17;
				GCC_DYNAMIC_NO_PIC = NO;
				GCC_NO_COMMON_BLOCKS = YES;
				GCC_OPTIMIZATION_LEVEL = 0;
				GCC_PREPROCESSOR_DEFINITIONS = (
					"DEBUG=1",
					"$(inherited)",
				);
				GCC_WARN_64_TO_32_BIT_CONVERSION = YES;
				GCC_WARN_ABOUT_RETURN_TYPE = YES_ERROR;
				GCC_WARN_UNDECLARED_SELECTOR = YES;
				GCC_WARN_UNINITIALIZED_AUTOS = YES_AGGRESSIVE;
				GCC_WARN_UNUSED_FUNCTION = YES;
				GCC_WARN_UNUSED_VARIABLE = YES;
				IPHONEOS_DEPLOYMENT_TARGET = 18.1;
				LOCALIZATION_PREFERS_STRING_CATALOGS = YES;
				MTL_ENABLE_DEBUG_INFO = INCLUDE_SOURCE;
				MTL_FAST_MATH = YES;
				ONLY_ACTIVE_ARCH = YES;
				SDKROOT = iphoneos;
				SWIFT_ACTIVE_COMPILATION_CONDITIONS = "DEBUG $(inherited)";
				SWIFT_OPTIMIZATION_LEVEL = "-Onone";
			};
			name = Debug;
		};
		8EF984CE2D40B87B003082E6 /* Release */ = {
			isa = XCBuildConfiguration;
			buildSettings = {
				ALWAYS_SEARCH_USER_PATHS = NO;
				ASSETCATALOG_COMPILER_GENERATE_SWIFT_ASSET_SYMBOL_EXTENSIONS = YES;
				CLANG_ANALYZER_NONNULL = YES;
				CLANG_ANALYZER_NUMBER_OBJECT_CONVERSION = YES_AGGRESSIVE;
				CLANG_CXX_LANGUAGE_STANDARD = "gnu++20";
				CLANG_ENABLE_MODULES = YES;
				CLANG_ENABLE_OBJC_ARC = YES;
				CLANG_ENABLE_OBJC_WEAK = YES;
				CLANG_WARN_BLOCK_CAPTURE_AUTORELEASING = YES;
				CLANG_WARN_BOOL_CONVERSION = YES;
				CLANG_WARN_COMMA = YES;
				CLANG_WARN_CONSTANT_CONVERSION = YES;
				CLANG_WARN_DEPRECATED_OBJC_IMPLEMENTATIONS = YES;
				CLANG_WARN_DIRECT_OBJC_ISA_USAGE = YES_ERROR;
				CLANG_WARN_DOCUMENTATION_COMMENTS = YES;
				CLANG_WARN_EMPTY_BODY = YES;
				CLANG_WARN_ENUM_CONVERSION = YES;
				CLANG_WARN_INFINITE_RECURSION = YES;
				CLANG_WARN_INT_CONVERSION = YES;
				CLANG_WARN_NON_LITERAL_NULL_CONVERSION = YES;
				CLANG_WARN_OBJC_IMPLICIT_RETAIN_SELF = YES;
				CLANG_WARN_OBJC_LITERAL_CONVERSION = YES;
				CLANG_WARN_OBJC_ROOT_CLASS = YES_ERROR;
				CLANG_WARN_QUOTED_INCLUDE_IN_FRAMEWORK_HEADER = YES;
				CLANG_WARN_RANGE_LOOP_ANALYSIS = YES;
				CLANG_WARN_STRICT_PROTOTYPES = YES;
				CLANG_WARN_SUSPICIOUS_MOVE = YES;
				CLANG_WARN_UNGUARDED_AVAILABILITY = YES_AGGRESSIVE;
				CLANG_WARN_UNREACHABLE_CODE = YES;
				CLANG_WARN__DUPLICATE_METHOD_MATCH = YES;
				COPY_PHASE_STRIP = NO;
				DEBUG_INFORMATION_FORMAT = "dwarf-with-dsym";
				DEVELOPMENT_TEAM = GK8ZBK5FD2;
				ENABLE_NS_ASSERTIONS = NO;
				ENABLE_STRICT_OBJC_MSGSEND = YES;
				ENABLE_USER_SCRIPT_SANDBOXING = YES;
				GCC_C_LANGUAGE_STANDARD = gnu17;
				GCC_NO_COMMON_BLOCKS = YES;
				GCC_WARN_64_TO_32_BIT_CONVERSION = YES;
				GCC_WARN_ABOUT_RETURN_TYPE = YES_ERROR;
				GCC_WARN_UNDECLARED_SELECTOR = YES;
				GCC_WARN_UNINITIALIZED_AUTOS = YES_AGGRESSIVE;
				GCC_WARN_UNUSED_FUNCTION = YES;
				GCC_WARN_UNUSED_VARIABLE = YES;
				IPHONEOS_DEPLOYMENT_TARGET = 18.1;
				LOCALIZATION_PREFERS_STRING_CATALOGS = YES;
				MTL_ENABLE_DEBUG_INFO = NO;
				MTL_FAST_MATH = YES;
				SDKROOT = iphoneos;
				SWIFT_COMPILATION_MODE = wholemodule;
				VALIDATE_PRODUCT = YES;
			};
			name = Release;
		};
		8EF984D02D40B87B003082E6 /* Debug */ = {
			isa = XCBuildConfiguration;
			buildSettings = {
				ASSETCATALOG_COMPILER_APPICON_NAME = AppIcon;
				ASSETCATALOG_COMPILER_GLOBAL_ACCENT_COLOR_NAME = AccentColor;
				CODE_SIGN_IDENTITY = "Apple Development";
				CODE_SIGN_STYLE = Automatic;
				CURRENT_PROJECT_VERSION = 1;
				DEVELOPMENT_ASSET_PATHS = "\"Lumberjacked/Preview Content\"";
				DEVELOPMENT_TEAM = 2DYNL8A66H;
				ENABLE_PREVIEWS = YES;
				INFOPLIST_FILE = Info.plist;
				LD_RUNPATH_SEARCH_PATHS = (
					"$(inherited)",
					"@executable_path/Frameworks",
				);
				MARKETING_VERSION = 1.0;
				PRODUCT_BUNDLE_IDENTIFIER = com.FRafezy.Lumberjacked;
				PRODUCT_NAME = "$(TARGET_NAME)";
				PROVISIONING_PROFILE_SPECIFIER = "";
				SWIFT_EMIT_LOC_STRINGS = YES;
				SWIFT_VERSION = 5.0;
				TARGETED_DEVICE_FAMILY = "1,2";
			};
			name = Debug;
		};
		8EF984D12D40B87B003082E6 /* Release */ = {
			isa = XCBuildConfiguration;
			buildSettings = {
				ASSETCATALOG_COMPILER_APPICON_NAME = AppIcon;
				ASSETCATALOG_COMPILER_GLOBAL_ACCENT_COLOR_NAME = AccentColor;
				CODE_SIGN_IDENTITY = "Apple Development";
				CODE_SIGN_STYLE = Automatic;
				CURRENT_PROJECT_VERSION = 1;
				DEVELOPMENT_ASSET_PATHS = "\"Lumberjacked/Preview Content\"";
				DEVELOPMENT_TEAM = 2DYNL8A66H;
				ENABLE_PREVIEWS = YES;
				INFOPLIST_FILE = Info.plist;
				LD_RUNPATH_SEARCH_PATHS = (
					"$(inherited)",
					"@executable_path/Frameworks",
				);
				MARKETING_VERSION = 1.0;
				PRODUCT_BUNDLE_IDENTIFIER = com.FRafezy.Lumberjacked;
				PRODUCT_NAME = "$(TARGET_NAME)";
				PROVISIONING_PROFILE_SPECIFIER = "";
				SWIFT_EMIT_LOC_STRINGS = YES;
				SWIFT_VERSION = 5.0;
				TARGETED_DEVICE_FAMILY = "1,2";
			};
			name = Release;
		};
/* End XCBuildConfiguration section */

/* Begin XCConfigurationList section */
		8E7A97382FCCDE2E00BE4778 /* Build configuration list for PBXNativeTarget "LumberjackedTests" */ = {
			isa = XCConfigurationList;
			buildConfigurations = (
				8E7A97362FCCDE2E00BE4778 /* Debug */,
				8E7A97372FCCDE2E00BE4778 /* Release */,
			);
			defaultConfigurationIsVisible = 0;
			defaultConfigurationName = Release;
		};
		8E7A97612FCCF04000BE4778 /* Build configuration list for PBXNativeTarget "LumberjackedUITests" */ = {
			isa = XCConfigurationList;
			buildConfigurations = (
				8E7A97622FCCF04000BE4778 /* Debug */,
				8E7A97632FCCF04000BE4778 /* Release */,
			);
			defaultConfigurationIsVisible = 0;
			defaultConfigurationName = Release;
		};
		8EF984BC2D40B879003082E6 /* Build configuration list for PBXProject "Lumberjacked" */ = {
			isa = XCConfigurationList;
			buildConfigurations = (
				8EF984CD2D40B87B003082E6 /* Debug */,
				8EF984CE2D40B87B003082E6 /* Release */,
			);
			defaultConfigurationIsVisible = 0;
			defaultConfigurationName = Release;
		};
		8EF984CF2D40B87B003082E6 /* Build configuration list for PBXNativeTarget "Lumberjacked" */ = {
			isa = XCConfigurationList;
			buildConfigurations = (
				8EF984D02D40B87B003082E6 /* Debug */,
				8EF984D12D40B87B003082E6 /* Release */,
			);
			defaultConfigurationIsVisible = 0;
			defaultConfigurationName = Release;
		};
/* End XCConfigurationList section */
	};
	rootObject = 8EF984B92D40B879003082E6 /* Project object */;
}
